
Microsoft Visual Studio Solution File, Format Version 12.00
# Visual Studio Version 16
VisualStudioVersion = 16.0.32106.194
MinimumVisualStudioVersion = 10.0.40219.1
Project("{9A19103F-16F7-4668-BE54-9A1E7A4F7556}") = "MultimediaLibrary", "MultimediaLibrary\MultimediaLibrary.csproj", "{1BA6BAE3-B8A2-4964-A59C-BA9EC0AFFA97}"
EndProject
Project("{9A19103F-16F7-4668-BE54-9A1E7A4F7556}") = "MultimediaLibrary.Test", "MultimediaLibrary.Test\MultimediaLibrary.Test.csproj", "{BB51D3AA-6091-4C76-89E1-E81B7E230BB3}"
EndProject
Global
	GlobalSection(SolutionConfigurationPlatforms) = preSolution
		Debug|Any CPU = Debug|Any CPU
		Release|Any CPU = Release|Any CPU
	EndGlobalSection
	GlobalSection(ProjectConfigurationPlatforms) = postSolution
		{1BA6BAE3-B8A2-4964-A59C-BA9EC0AFFA97}.Debug|Any CPU.ActiveCfg = Debug|Any CPU
		{1BA6BAE3-B8A2-4964-A59C-BA9EC0AFFA97}.Debug|Any CPU.Build.0 = Debug|Any CPU
		{1BA6BAE3-B8A2-4964-A59C-BA9EC0AFFA97}.Release|Any CPU.ActiveCfg = Release|Any CPU
		{1BA6BAE3-B8A2-4964-A59C-BA9EC0AFFA97}.Release|Any CPU.Build.0 = Release|Any CPU
		{BB51D3AA-6091-4C76-89E1-E81B7E230BB3}.Debug|Any CPU.ActiveCfg = Debug|Any CPU
		{BB51D3AA-6091-4C76-89E1-E81B7E230BB3}.Debug|Any CPU.Build.0 = Debug|Any CPU
		{BB51D3AA-6091-4C76-89E1-E81B7E230BB3}.Release|Any CPU.ActiveCfg = Release|Any CPU
		{BB51D3AA-6091-4C76-89E1-E81B7E230BB3}.Release|Any CPU.Build.0 = Release|Any CPU
	EndGlobalSection
	GlobalSection(SolutionProperties) = preSolution
		HideSolutionNode = FALSE
	EndGlobalSection
	GlobalSection(ExtensibilityGlobals) = postSolution
		SolutionGuid = {9116111B-78BB-43AC-A6BD-69BA5C197C08}
	EndGlobalSection
EndGlobal
